// !$*UTF8*$!
{
	archiveVersion = 1;
	classes = {
	};
	objectVersion = 50;
	objects = {

/* Begin PBXBuildFile section */
		3680D49590FF1CB428279C5D /* Pods_ShoppingApp.framework in Frameworks */ = {isa = PBXBuildFile; fileRef = AD3579066DC766E78E98DEDC /* Pods_ShoppingApp.framework */; };
		978BF6AE59CE162FCBDCA3DF /* Pods_ShoppingAppTests.framework in Frameworks */ = {isa = PBXBuildFile; fileRef = 9B2A5D0633B942D174B78BC5 /* Pods_ShoppingAppTests.framework */; };
		B6085A7020D2FC6900BABA4F /* Resource.swift in Sources */ = {isa = PBXBuildFile; fileRef = B6085A6F20D2FC6900BABA4F /* Resource.swift */; };
		B6085A7320D2FD5800BABA4F /* ProductsResource.swift in Sources */ = {isa = PBXBuildFile; fileRef = B6085A7220D2FD5800BABA4F /* ProductsResource.swift */; };
		B6085A7920D300E900BABA4F /* FileHelper.swift in Sources */ = {isa = PBXBuildFile; fileRef = B6085A7820D300E900BABA4F /* FileHelper.swift */; };
		B6085A7C20D3015400BABA4F /* products.json in Resources */ = {isa = PBXBuildFile; fileRef = B6085A7B20D3015400BABA4F /* products.json */; };
		B6085A7F20D305FC00BABA4F /* ProductMother.swift in Sources */ = {isa = PBXBuildFile; fileRef = B6085A7E20D305FC00BABA4F /* ProductMother.swift */; };
		B6085A8320D30A9900BABA4F /* product-3215462.json in Resources */ = {isa = PBXBuildFile; fileRef = B6085A8220D30A9900BABA4F /* product-3215462.json */; };
		B6085A8420D30BFE00BABA4F /* ProductResourceTests.swift in Sources */ = {isa = PBXBuildFile; fileRef = B6085A8020D3087200BABA4F /* ProductResourceTests.swift */; };
		B6085A8620D315D900BABA4F /* PriceResource.swift in Sources */ = {isa = PBXBuildFile; fileRef = B6085A8520D315D900BABA4F /* PriceResource.swift */; };
		B6085A8820D3183400BABA4F /* PriceResourceTests.swift in Sources */ = {isa = PBXBuildFile; fileRef = B6085A8720D3183400BABA4F /* PriceResourceTests.swift */; };
		B6085A8A20D3184200BABA4F /* PriceMother.swift in Sources */ = {isa = PBXBuildFile; fileRef = B6085A8920D3184200BABA4F /* PriceMother.swift */; };
		B6085A8D20D3189F00BABA4F /* StringUtil.swift in Sources */ = {isa = PBXBuildFile; fileRef = B6085A8C20D3189F00BABA4F /* StringUtil.swift */; };
		B6085A8F20D448BD00BABA4F /* ProductDetailsResourceTests.swift in Sources */ = {isa = PBXBuildFile; fileRef = B6085A8E20D448BD00BABA4F /* ProductDetailsResourceTests.swift */; };
		B6085A9120D44C8000BABA4F /* ProductDetailsResource.swift in Sources */ = {isa = PBXBuildFile; fileRef = B6085A9020D44C8000BABA4F /* ProductDetailsResource.swift */; };
		B6085A9320D44E5B00BABA4F /* product-details-3215462.json in Resources */ = {isa = PBXBuildFile; fileRef = B6085A9220D44E5B00BABA4F /* product-details-3215462.json */; };
		B6085A9520D44E8800BABA4F /* ProductDetailsMother.swift in Sources */ = {isa = PBXBuildFile; fileRef = B6085A9420D44E8800BABA4F /* ProductDetailsMother.swift */; };
		B6085A9B20D454E500BABA4F /* ProductAdditionalServicesResource.swift in Sources */ = {isa = PBXBuildFile; fileRef = B6085A9A20D454E500BABA4F /* ProductAdditionalServicesResource.swift */; };
		B6085A9D20D4551000BABA4F /* ProductAdditionalServicesResourceTests.swift in Sources */ = {isa = PBXBuildFile; fileRef = B6085A9C20D4551000BABA4F /* ProductAdditionalServicesResourceTests.swift */; };
		B6085A9F20D4560C00BABA4F /* ProductAdditionalServicesMother.swift in Sources */ = {isa = PBXBuildFile; fileRef = B6085A9E20D4560C00BABA4F /* ProductAdditionalServicesMother.swift */; };
		B6085AA120D4646B00BABA4F /* ProductFeatureMother.swift in Sources */ = {isa = PBXBuildFile; fileRef = B6085AA020D4646B00BABA4F /* ProductFeatureMother.swift */; };
		B6085AA320D465C000BABA4F /* ProductFeatureResource.swift in Sources */ = {isa = PBXBuildFile; fileRef = B6085AA220D465C000BABA4F /* ProductFeatureResource.swift */; };
		B6085AA520D4663400BABA4F /* ProductFeatureResource.swift in Sources */ = {isa = PBXBuildFile; fileRef = B6085AA420D4663400BABA4F /* ProductFeatureResource.swift */; };
		B6085AA720D470D000BABA4F /* ProductMediaResource.swift in Sources */ = {isa = PBXBuildFile; fileRef = B6085AA620D470D000BABA4F /* ProductMediaResource.swift */; };
		B6085AA920D4718100BABA4F /* ProductMediaMother.swift in Sources */ = {isa = PBXBuildFile; fileRef = B6085AA820D4718100BABA4F /* ProductMediaMother.swift */; };
		B6085AAB20D4ECEE00BABA4F /* ProductMediaResourceTests.swift in Sources */ = {isa = PBXBuildFile; fileRef = B6085AAA20D4ECEE00BABA4F /* ProductMediaResourceTests.swift */; };
		B6085AAD20D4EECF00BABA4F /* HttpSchemeBuilder.swift in Sources */ = {isa = PBXBuildFile; fileRef = B6085AAC20D4EECF00BABA4F /* HttpSchemeBuilder.swift */; };
		B6085AB120D4F4AB00BABA4F /* MockHttpSchemeBuilder.swift in Sources */ = {isa = PBXBuildFile; fileRef = B6085AB020D4F4AB00BABA4F /* MockHttpSchemeBuilder.swift */; };
		B6085AB420D4F54A00BABA4F /* HttpSchemeProtocolSpec.swift in Sources */ = {isa = PBXBuildFile; fileRef = B6085AB320D4F54A00BABA4F /* HttpSchemeProtocolSpec.swift */; };
		B6085AB720D4F86100BABA4F /* StringUtilSpec.swift in Sources */ = {isa = PBXBuildFile; fileRef = B6085AB620D4F86100BABA4F /* StringUtilSpec.swift */; };
		B6085ABA20D4FD8C00BABA4F /* ProductsRequest.swift in Sources */ = {isa = PBXBuildFile; fileRef = B6085AB920D4FD8C00BABA4F /* ProductsRequest.swift */; };
		B6085ABD20D4FDAA00BABA4F /* ProductsRequestTests.swift in Sources */ = {isa = PBXBuildFile; fileRef = B6085ABC20D4FDAA00BABA4F /* ProductsRequestTests.swift */; };
		B6085ABF20D4FFD200BABA4F /* ApiRequest.swift in Sources */ = {isa = PBXBuildFile; fileRef = B6085ABE20D4FFD200BABA4F /* ApiRequest.swift */; };
		B6085AC220D5014200BABA4F /* HttpMethod.swift in Sources */ = {isa = PBXBuildFile; fileRef = B6085AC120D5014200BABA4F /* HttpMethod.swift */; };
		B6085AC420D5055100BABA4F /* ApiRequestError.swift in Sources */ = {isa = PBXBuildFile; fileRef = B6085AC320D5055100BABA4F /* ApiRequestError.swift */; };
		B6085AC620D5064800BABA4F /* MockProductsRequest.swift in Sources */ = {isa = PBXBuildFile; fileRef = B6085AC520D5064800BABA4F /* MockProductsRequest.swift */; };
		B6085AC820D50B1200BABA4F /* ApiRequestTests.swift in Sources */ = {isa = PBXBuildFile; fileRef = B6085AC720D50B1200BABA4F /* ApiRequestTests.swift */; };
		B6085ACA20D510D400BABA4F /* HttpResponse.swift in Sources */ = {isa = PBXBuildFile; fileRef = B6085AC920D510D400BABA4F /* HttpResponse.swift */; };
		B6085ACC20D5116100BABA4F /* ApiResponse.swift in Sources */ = {isa = PBXBuildFile; fileRef = B6085ACB20D5116100BABA4F /* ApiResponse.swift */; };
		B6085ACE20D512B100BABA4F /* HttpResponseMother.swift in Sources */ = {isa = PBXBuildFile; fileRef = B6085ACD20D512B100BABA4F /* HttpResponseMother.swift */; };
		B6085AD020D5171D00BABA4F /* ApiError.swift in Sources */ = {isa = PBXBuildFile; fileRef = B6085ACF20D5171D00BABA4F /* ApiError.swift */; };
		B6085AD320D5185300BABA4F /* ApiResponseTests.swift in Sources */ = {isa = PBXBuildFile; fileRef = B6085AD220D5185300BABA4F /* ApiResponseTests.swift */; };
		B6085AD520D518CC00BABA4F /* HttpStatusCode.swift in Sources */ = {isa = PBXBuildFile; fileRef = B6085AD420D518CC00BABA4F /* HttpStatusCode.swift */; };
		B6085AD820D5395000BABA4F /* HttpClient.swift in Sources */ = {isa = PBXBuildFile; fileRef = B6085AD720D5395000BABA4F /* HttpClient.swift */; };
		B6085ADA20D539BC00BABA4F /* ComponentCreatable.swift in Sources */ = {isa = PBXBuildFile; fileRef = B6085AD920D539BC00BABA4F /* ComponentCreatable.swift */; };
		B6085ADD20D539CE00BABA4F /* Service.swift in Sources */ = {isa = PBXBuildFile; fileRef = B6085ADB20D539CE00BABA4F /* Service.swift */; };
		B6085ADE20D539CE00BABA4F /* ServiceCreatable.swift in Sources */ = {isa = PBXBuildFile; fileRef = B6085ADC20D539CE00BABA4F /* ServiceCreatable.swift */; };
		B6085AE020D539F300BABA4F /* ApiClient.swift in Sources */ = {isa = PBXBuildFile; fileRef = B6085ADF20D539F300BABA4F /* ApiClient.swift */; };
		B6085AE220D53A2D00BABA4F /* UtilityCreatable.swift in Sources */ = {isa = PBXBuildFile; fileRef = B6085AE120D53A2D00BABA4F /* UtilityCreatable.swift */; };
		B6085AE420D53A3D00BABA4F /* RemoteCreatable.swift in Sources */ = {isa = PBXBuildFile; fileRef = B6085AE320D53A3D00BABA4F /* RemoteCreatable.swift */; };
		B6085AE620D53A5D00BABA4F /* ProductRemote.swift in Sources */ = {isa = PBXBuildFile; fileRef = B6085AE520D53A5D00BABA4F /* ProductRemote.swift */; };
		B6085AE820D53AB900BABA4F /* ProductService.swift in Sources */ = {isa = PBXBuildFile; fileRef = B6085AE720D53AB900BABA4F /* ProductService.swift */; };
		B6085AEB20D53C4300BABA4F /* ProductsHttpMocker.swift in Sources */ = {isa = PBXBuildFile; fileRef = B6085AEA20D53C4300BABA4F /* ProductsHttpMocker.swift */; };
		B6085AED20D53E8300BABA4F /* Constants.swift in Sources */ = {isa = PBXBuildFile; fileRef = B6085AEC20D53E8300BABA4F /* Constants.swift */; };
		B6085AEF20D5406800BABA4F /* empty.json in Resources */ = {isa = PBXBuildFile; fileRef = B6085AEE20D5406800BABA4F /* empty.json */; };
		B6085AF220D5408400BABA4F /* ProductServiceTests.swift in Sources */ = {isa = PBXBuildFile; fileRef = B6085AF120D5408400BABA4F /* ProductServiceTests.swift */; };
		B6085AF420D541D100BABA4F /* ComponentCreator.swift in Sources */ = {isa = PBXBuildFile; fileRef = B6085AF320D541D100BABA4F /* ComponentCreator.swift */; };
		B6085AF720D5461100BABA4F /* ProductsViewModel.swift in Sources */ = {isa = PBXBuildFile; fileRef = B6085AF620D5461100BABA4F /* ProductsViewModel.swift */; };
		B6085AFA20D5470B00BABA4F /* ProductsViewModelTests.swift in Sources */ = {isa = PBXBuildFile; fileRef = B6085AF920D5470B00BABA4F /* ProductsViewModelTests.swift */; };
		B6085AFC20D5482400BABA4F /* MockComponentCreator.swift in Sources */ = {isa = PBXBuildFile; fileRef = B6085AFB20D5482400BABA4F /* MockComponentCreator.swift */; };
		B6085AFE20D5486600BABA4F /* MockProductService.swift in Sources */ = {isa = PBXBuildFile; fileRef = B6085AFD20D5486600BABA4F /* MockProductService.swift */; };
		B6085B0020D549C400BABA4F /* ViewModel.swift in Sources */ = {isa = PBXBuildFile; fileRef = B6085AFF20D549C400BABA4F /* ViewModel.swift */; };
		B6085B0320D54AB200BABA4F /* RxCollector.swift in Sources */ = {isa = PBXBuildFile; fileRef = B6085B0220D54AB200BABA4F /* RxCollector.swift */; };
		B6085B0720D557CC00BABA4F /* ShoppingApp.swift in Sources */ = {isa = PBXBuildFile; fileRef = B6085B0620D557CC00BABA4F /* ShoppingApp.swift */; };
		B6085B0920D558DF00BABA4F /* RouterCreatable.swift in Sources */ = {isa = PBXBuildFile; fileRef = B6085B0820D558DF00BABA4F /* RouterCreatable.swift */; };
		B6085B0D20D5594900BABA4F /* ShoppingAppRouter.swift in Sources */ = {isa = PBXBuildFile; fileRef = B6085B0C20D5594900BABA4F /* ShoppingAppRouter.swift */; };
		B6085B0F20D55A1600BABA4F /* ProductsRouter.swift in Sources */ = {isa = PBXBuildFile; fileRef = B6085B0E20D55A1600BABA4F /* ProductsRouter.swift */; };
		B6085B1120D55A8F00BABA4F /* Navigation.swift in Sources */ = {isa = PBXBuildFile; fileRef = B6085B1020D55A8F00BABA4F /* Navigation.swift */; };
		B6085B1320D55A9B00BABA4F /* ViewControllerCreatable.swift in Sources */ = {isa = PBXBuildFile; fileRef = B6085B1220D55A9B00BABA4F /* ViewControllerCreatable.swift */; };
		B6085B1520D55ABA00BABA4F /* ModelableViewController.swift in Sources */ = {isa = PBXBuildFile; fileRef = B6085B1420D55ABA00BABA4F /* ModelableViewController.swift */; };
		B6085B1820D562D300BABA4F /* ShoppingAppRouterTests.swift in Sources */ = {isa = PBXBuildFile; fileRef = B6085B1720D562D300BABA4F /* ShoppingAppRouterTests.swift */; };
		B6085B1A20D5650300BABA4F /* ProductCell.swift in Sources */ = {isa = PBXBuildFile; fileRef = B6085B1920D5650300BABA4F /* ProductCell.swift */; };
		B6085B1D20D58C3000BABA4F /* ProductCellTests.swift in Sources */ = {isa = PBXBuildFile; fileRef = B6085B1C20D58C3000BABA4F /* ProductCellTests.swift */; };
		B6085B1F20D58D3C00BABA4F /* NibCreator.swift in Sources */ = {isa = PBXBuildFile; fileRef = B6085B1E20D58D3C00BABA4F /* NibCreator.swift */; };
		B6085B2120D58EF600BABA4F /* ProductCell.xib in Resources */ = {isa = PBXBuildFile; fileRef = B6085B2020D58EF600BABA4F /* ProductCell.xib */; };
		B6085B2420D5930D00BABA4F /* ProductCellRepresentable.swift in Sources */ = {isa = PBXBuildFile; fileRef = B6085B2320D5930D00BABA4F /* ProductCellRepresentable.swift */; };
		B6085B2820D597FB00BABA4F /* CollectionViewDataSourceTests.swift in Sources */ = {isa = PBXBuildFile; fileRef = B6085B2720D597FB00BABA4F /* CollectionViewDataSourceTests.swift */; };
		B6085B2B20D5988200BABA4F /* CollectionViewDataSource.swift in Sources */ = {isa = PBXBuildFile; fileRef = B6085B2A20D5988200BABA4F /* CollectionViewDataSource.swift */; };
		B6085B2E20D5993F00BABA4F /* CollectionViewItem.swift in Sources */ = {isa = PBXBuildFile; fileRef = B6085B2C20D5993F00BABA4F /* CollectionViewItem.swift */; };
		B6085B2F20D5993F00BABA4F /* CollectionViewCell.swift in Sources */ = {isa = PBXBuildFile; fileRef = B6085B2D20D5993F00BABA4F /* CollectionViewCell.swift */; };
		B6085B3220D5AAFE00BABA4F /* UICollectionView+Extension.swift in Sources */ = {isa = PBXBuildFile; fileRef = B6085B3120D5AAFE00BABA4F /* UICollectionView+Extension.swift */; };
		B6085B3620D656B900BABA4F /* Color.swift in Sources */ = {isa = PBXBuildFile; fileRef = B6085B3520D656B900BABA4F /* Color.swift */; };
		B6085B3920D6609400BABA4F /* ProductsViewControllerTests.swift in Sources */ = {isa = PBXBuildFile; fileRef = B6085B3820D6609400BABA4F /* ProductsViewControllerTests.swift */; };
		B6085B3B20D66E4600BABA4F /* ProductDetailViewModel.swift in Sources */ = {isa = PBXBuildFile; fileRef = B6085B3A20D66E4600BABA4F /* ProductDetailViewModel.swift */; };
		B6085B4120D66EA200BABA4F /* ProductDetailRouter.swift in Sources */ = {isa = PBXBuildFile; fileRef = B6085B4020D66EA200BABA4F /* ProductDetailRouter.swift */; };
		B6085B4320D66EBF00BABA4F /* ProductDetailViewController.swift in Sources */ = {isa = PBXBuildFile; fileRef = B6085B4220D66EBF00BABA4F /* ProductDetailViewController.swift */; };
		B6085B4520D66ED900BABA4F /* ProductDetailViewController.storyboard in Resources */ = {isa = PBXBuildFile; fileRef = B6085B4420D66ED900BABA4F /* ProductDetailViewController.storyboard */; };
		B6085B4720D6740C00BABA4F /* MockProductDetailRouter.swift in Sources */ = {isa = PBXBuildFile; fileRef = B6085B4620D6740C00BABA4F /* MockProductDetailRouter.swift */; };
		B6085B4B20D6809600BABA4F /* ProductDetailRequest.swift in Sources */ = {isa = PBXBuildFile; fileRef = B6085B4A20D6809600BABA4F /* ProductDetailRequest.swift */; };
		B6085B4E20D680CB00BABA4F /* ProductDetailRequest.swift in Sources */ = {isa = PBXBuildFile; fileRef = B6085B4D20D680CB00BABA4F /* ProductDetailRequest.swift */; };
		B6085B5020D681D800BABA4F /* ClassError.swift in Sources */ = {isa = PBXBuildFile; fileRef = B6085B4F20D681D800BABA4F /* ClassError.swift */; };
		B6CC060220D2F06800254F87 /* AppDelegate.swift in Sources */ = {isa = PBXBuildFile; fileRef = B6CC060120D2F06800254F87 /* AppDelegate.swift */; };
		B6CC060420D2F06800254F87 /* ProductsViewController.swift in Sources */ = {isa = PBXBuildFile; fileRef = B6CC060320D2F06800254F87 /* ProductsViewController.swift */; };
		B6CC060720D2F06800254F87 /* ProductsViewController.storyboard in Resources */ = {isa = PBXBuildFile; fileRef = B6CC060520D2F06800254F87 /* ProductsViewController.storyboard */; };
		B6CC060920D2F06800254F87 /* Assets.xcassets in Resources */ = {isa = PBXBuildFile; fileRef = B6CC060820D2F06800254F87 /* Assets.xcassets */; };
		B6CC060C20D2F06800254F87 /* LaunchScreen.storyboard in Resources */ = {isa = PBXBuildFile; fileRef = B6CC060A20D2F06800254F87 /* LaunchScreen.storyboard */; };
		B6E0567E20D2FAA300613D05 /* ProductsResourceTests.swift in Sources */ = {isa = PBXBuildFile; fileRef = B6E0567D20D2FAA300613D05 /* ProductsResourceTests.swift */; };
		B6E0568020D2FB9B00613D05 /* ProductResource.swift in Sources */ = {isa = PBXBuildFile; fileRef = B6E0567F20D2FB9B00613D05 /* ProductResource.swift */; };
/* End PBXBuildFile section */

/* Begin PBXContainerItemProxy section */
		B6CC061320D2F06900254F87 /* PBXContainerItemProxy */ = {
			isa = PBXContainerItemProxy;
			containerPortal = B6CC05F620D2F06800254F87 /* Project object */;
			proxyType = 1;
			remoteGlobalIDString = B6CC05FD20D2F06800254F87;
			remoteInfo = ShoppingApp;
		};
/* End PBXContainerItemProxy section */

/* Begin PBXFileReference section */
		491D1EA9638153A5867F5063 /* Pods-ShoppingAppTests.debug.xcconfig */ = {isa = PBXFileReference; includeInIndex = 1; lastKnownFileType = text.xcconfig; name = "Pods-ShoppingAppTests.debug.xcconfig"; path = "Pods/Target Support Files/Pods-ShoppingAppTests/Pods-ShoppingAppTests.debug.xcconfig"; sourceTree = "<group>"; };
		9B2A5D0633B942D174B78BC5 /* Pods_ShoppingAppTests.framework */ = {isa = PBXFileReference; explicitFileType = wrapper.framework; includeInIndex = 0; path = Pods_ShoppingAppTests.framework; sourceTree = BUILT_PRODUCTS_DIR; };
		ACAC005CD8A35CFC89082434 /* Pods-ShoppingApp.debug.xcconfig */ = {isa = PBXFileReference; includeInIndex = 1; lastKnownFileType = text.xcconfig; name = "Pods-ShoppingApp.debug.xcconfig"; path = "Pods/Target Support Files/Pods-ShoppingApp/Pods-ShoppingApp.debug.xcconfig"; sourceTree = "<group>"; };
		AD3579066DC766E78E98DEDC /* Pods_ShoppingApp.framework */ = {isa = PBXFileReference; explicitFileType = wrapper.framework; includeInIndex = 0; path = Pods_ShoppingApp.framework; sourceTree = BUILT_PRODUCTS_DIR; };
		B6085A6F20D2FC6900BABA4F /* Resource.swift */ = {isa = PBXFileReference; lastKnownFileType = sourcecode.swift; path = Resource.swift; sourceTree = "<group>"; };
		B6085A7220D2FD5800BABA4F /* ProductsResource.swift */ = {isa = PBXFileReference; lastKnownFileType = sourcecode.swift; path = ProductsResource.swift; sourceTree = "<group>"; };
		B6085A7820D300E900BABA4F /* FileHelper.swift */ = {isa = PBXFileReference; lastKnownFileType = sourcecode.swift; path = FileHelper.swift; sourceTree = "<group>"; };
		B6085A7B20D3015400BABA4F /* products.json */ = {isa = PBXFileReference; lastKnownFileType = text.json; path = products.json; sourceTree = "<group>"; };
		B6085A7E20D305FC00BABA4F /* ProductMother.swift */ = {isa = PBXFileReference; lastKnownFileType = sourcecode.swift; path = ProductMother.swift; sourceTree = "<group>"; };
		B6085A8020D3087200BABA4F /* ProductResourceTests.swift */ = {isa = PBXFileReference; lastKnownFileType = sourcecode.swift; path = ProductResourceTests.swift; sourceTree = "<group>"; };
		B6085A8220D30A9900BABA4F /* product-3215462.json */ = {isa = PBXFileReference; lastKnownFileType = text.json; path = "product-3215462.json"; sourceTree = "<group>"; };
		B6085A8520D315D900BABA4F /* PriceResource.swift */ = {isa = PBXFileReference; lastKnownFileType = sourcecode.swift; path = PriceResource.swift; sourceTree = "<group>"; };
		B6085A8720D3183400BABA4F /* PriceResourceTests.swift */ = {isa = PBXFileReference; lastKnownFileType = sourcecode.swift; path = PriceResourceTests.swift; sourceTree = "<group>"; };
		B6085A8920D3184200BABA4F /* PriceMother.swift */ = {isa = PBXFileReference; lastKnownFileType = sourcecode.swift; path = PriceMother.swift; sourceTree = "<group>"; };
		B6085A8C20D3189F00BABA4F /* StringUtil.swift */ = {isa = PBXFileReference; lastKnownFileType = sourcecode.swift; path = StringUtil.swift; sourceTree = "<group>"; };
		B6085A8E20D448BD00BABA4F /* ProductDetailsResourceTests.swift */ = {isa = PBXFileReference; lastKnownFileType = sourcecode.swift; path = ProductDetailsResourceTests.swift; sourceTree = "<group>"; };
		B6085A9020D44C8000BABA4F /* ProductDetailsResource.swift */ = {isa = PBXFileReference; lastKnownFileType = sourcecode.swift; path = ProductDetailsResource.swift; sourceTree = "<group>"; };
		B6085A9220D44E5B00BABA4F /* product-details-3215462.json */ = {isa = PBXFileReference; lastKnownFileType = text.json; path = "product-details-3215462.json"; sourceTree = "<group>"; };
		B6085A9420D44E8800BABA4F /* ProductDetailsMother.swift */ = {isa = PBXFileReference; lastKnownFileType = sourcecode.swift; path = ProductDetailsMother.swift; sourceTree = "<group>"; };
		B6085A9A20D454E500BABA4F /* ProductAdditionalServicesResource.swift */ = {isa = PBXFileReference; lastKnownFileType = sourcecode.swift; path = ProductAdditionalServicesResource.swift; sourceTree = "<group>"; };
		B6085A9C20D4551000BABA4F /* ProductAdditionalServicesResourceTests.swift */ = {isa = PBXFileReference; lastKnownFileType = sourcecode.swift; path = ProductAdditionalServicesResourceTests.swift; sourceTree = "<group>"; };
		B6085A9E20D4560C00BABA4F /* ProductAdditionalServicesMother.swift */ = {isa = PBXFileReference; lastKnownFileType = sourcecode.swift; path = ProductAdditionalServicesMother.swift; sourceTree = "<group>"; };
		B6085AA020D4646B00BABA4F /* ProductFeatureMother.swift */ = {isa = PBXFileReference; lastKnownFileType = sourcecode.swift; path = ProductFeatureMother.swift; sourceTree = "<group>"; };
		B6085AA220D465C000BABA4F /* ProductFeatureResource.swift */ = {isa = PBXFileReference; lastKnownFileType = sourcecode.swift; path = ProductFeatureResource.swift; sourceTree = "<group>"; };
		B6085AA420D4663400BABA4F /* ProductFeatureResource.swift */ = {isa = PBXFileReference; lastKnownFileType = sourcecode.swift; path = ProductFeatureResource.swift; sourceTree = "<group>"; };
		B6085AA620D470D000BABA4F /* ProductMediaResource.swift */ = {isa = PBXFileReference; lastKnownFileType = sourcecode.swift; path = ProductMediaResource.swift; sourceTree = "<group>"; };
		B6085AA820D4718100BABA4F /* ProductMediaMother.swift */ = {isa = PBXFileReference; lastKnownFileType = sourcecode.swift; path = ProductMediaMother.swift; sourceTree = "<group>"; };
		B6085AAA20D4ECEE00BABA4F /* ProductMediaResourceTests.swift */ = {isa = PBXFileReference; lastKnownFileType = sourcecode.swift; path = ProductMediaResourceTests.swift; sourceTree = "<group>"; };
		B6085AAC20D4EECF00BABA4F /* HttpSchemeBuilder.swift */ = {isa = PBXFileReference; lastKnownFileType = sourcecode.swift; path = HttpSchemeBuilder.swift; sourceTree = "<group>"; };
		B6085AB020D4F4AB00BABA4F /* MockHttpSchemeBuilder.swift */ = {isa = PBXFileReference; lastKnownFileType = sourcecode.swift; path = MockHttpSchemeBuilder.swift; sourceTree = "<group>"; };
		B6085AB320D4F54A00BABA4F /* HttpSchemeProtocolSpec.swift */ = {isa = PBXFileReference; lastKnownFileType = sourcecode.swift; path = HttpSchemeProtocolSpec.swift; sourceTree = "<group>"; };
		B6085AB620D4F86100BABA4F /* StringUtilSpec.swift */ = {isa = PBXFileReference; lastKnownFileType = sourcecode.swift; path = StringUtilSpec.swift; sourceTree = "<group>"; };
		B6085AB920D4FD8C00BABA4F /* ProductsRequest.swift */ = {isa = PBXFileReference; lastKnownFileType = sourcecode.swift; path = ProductsRequest.swift; sourceTree = "<group>"; };
		B6085ABC20D4FDAA00BABA4F /* ProductsRequestTests.swift */ = {isa = PBXFileReference; lastKnownFileType = sourcecode.swift; path = ProductsRequestTests.swift; sourceTree = "<group>"; };
		B6085ABE20D4FFD200BABA4F /* ApiRequest.swift */ = {isa = PBXFileReference; lastKnownFileType = sourcecode.swift; path = ApiRequest.swift; sourceTree = "<group>"; };
		B6085AC120D5014200BABA4F /* HttpMethod.swift */ = {isa = PBXFileReference; lastKnownFileType = sourcecode.swift; path = HttpMethod.swift; sourceTree = "<group>"; };
		B6085AC320D5055100BABA4F /* ApiRequestError.swift */ = {isa = PBXFileReference; lastKnownFileType = sourcecode.swift; path = ApiRequestError.swift; sourceTree = "<group>"; };
		B6085AC520D5064800BABA4F /* MockProductsRequest.swift */ = {isa = PBXFileReference; lastKnownFileType = sourcecode.swift; path = MockProductsRequest.swift; sourceTree = "<group>"; };
		B6085AC720D50B1200BABA4F /* ApiRequestTests.swift */ = {isa = PBXFileReference; lastKnownFileType = sourcecode.swift; path = ApiRequestTests.swift; sourceTree = "<group>"; };
		B6085AC920D510D400BABA4F /* HttpResponse.swift */ = {isa = PBXFileReference; lastKnownFileType = sourcecode.swift; path = HttpResponse.swift; sourceTree = "<group>"; };
		B6085ACB20D5116100BABA4F /* ApiResponse.swift */ = {isa = PBXFileReference; lastKnownFileType = sourcecode.swift; path = ApiResponse.swift; sourceTree = "<group>"; };
		B6085ACD20D512B100BABA4F /* HttpResponseMother.swift */ = {isa = PBXFileReference; lastKnownFileType = sourcecode.swift; path = HttpResponseMother.swift; sourceTree = "<group>"; };
		B6085ACF20D5171D00BABA4F /* ApiError.swift */ = {isa = PBXFileReference; lastKnownFileType = sourcecode.swift; path = ApiError.swift; sourceTree = "<group>"; };
		B6085AD220D5185300BABA4F /* ApiResponseTests.swift */ = {isa = PBXFileReference; lastKnownFileType = sourcecode.swift; path = ApiResponseTests.swift; sourceTree = "<group>"; };
		B6085AD420D518CC00BABA4F /* HttpStatusCode.swift */ = {isa = PBXFileReference; fileEncoding = 4; lastKnownFileType = sourcecode.swift; path = HttpStatusCode.swift; sourceTree = "<group>"; };
		B6085AD720D5395000BABA4F /* HttpClient.swift */ = {isa = PBXFileReference; lastKnownFileType = sourcecode.swift; path = HttpClient.swift; sourceTree = "<group>"; };
		B6085AD920D539BC00BABA4F /* ComponentCreatable.swift */ = {isa = PBXFileReference; fileEncoding = 4; lastKnownFileType = sourcecode.swift; path = ComponentCreatable.swift; sourceTree = "<group>"; };
		B6085ADB20D539CE00BABA4F /* Service.swift */ = {isa = PBXFileReference; fileEncoding = 4; lastKnownFileType = sourcecode.swift; path = Service.swift; sourceTree = "<group>"; };
		B6085ADC20D539CE00BABA4F /* ServiceCreatable.swift */ = {isa = PBXFileReference; fileEncoding = 4; lastKnownFileType = sourcecode.swift; path = ServiceCreatable.swift; sourceTree = "<group>"; };
		B6085ADF20D539F300BABA4F /* ApiClient.swift */ = {isa = PBXFileReference; fileEncoding = 4; lastKnownFileType = sourcecode.swift; path = ApiClient.swift; sourceTree = "<group>"; };
		B6085AE120D53A2D00BABA4F /* UtilityCreatable.swift */ = {isa = PBXFileReference; fileEncoding = 4; lastKnownFileType = sourcecode.swift; path = UtilityCreatable.swift; sourceTree = "<group>"; };
		B6085AE320D53A3D00BABA4F /* RemoteCreatable.swift */ = {isa = PBXFileReference; fileEncoding = 4; lastKnownFileType = sourcecode.swift; path = RemoteCreatable.swift; sourceTree = "<group>"; };
		B6085AE520D53A5D00BABA4F /* ProductRemote.swift */ = {isa = PBXFileReference; lastKnownFileType = sourcecode.swift; path = ProductRemote.swift; sourceTree = "<group>"; };
		B6085AE720D53AB900BABA4F /* ProductService.swift */ = {isa = PBXFileReference; lastKnownFileType = sourcecode.swift; path = ProductService.swift; sourceTree = "<group>"; };
		B6085AEA20D53C4300BABA4F /* ProductsHttpMocker.swift */ = {isa = PBXFileReference; lastKnownFileType = sourcecode.swift; path = ProductsHttpMocker.swift; sourceTree = "<group>"; };
		B6085AEC20D53E8300BABA4F /* Constants.swift */ = {isa = PBXFileReference; lastKnownFileType = sourcecode.swift; path = Constants.swift; sourceTree = "<group>"; };
		B6085AEE20D5406800BABA4F /* empty.json */ = {isa = PBXFileReference; fileEncoding = 4; lastKnownFileType = text.json; path = empty.json; sourceTree = "<group>"; };
		B6085AF120D5408400BABA4F /* ProductServiceTests.swift */ = {isa = PBXFileReference; lastKnownFileType = sourcecode.swift; path = ProductServiceTests.swift; sourceTree = "<group>"; };
		B6085AF320D541D100BABA4F /* ComponentCreator.swift */ = {isa = PBXFileReference; fileEncoding = 4; lastKnownFileType = sourcecode.swift; path = ComponentCreator.swift; sourceTree = "<group>"; };
		B6085AF620D5461100BABA4F /* ProductsViewModel.swift */ = {isa = PBXFileReference; lastKnownFileType = sourcecode.swift; path = ProductsViewModel.swift; sourceTree = "<group>"; };
		B6085AF920D5470B00BABA4F /* ProductsViewModelTests.swift */ = {isa = PBXFileReference; lastKnownFileType = sourcecode.swift; path = ProductsViewModelTests.swift; sourceTree = "<group>"; };
		B6085AFB20D5482400BABA4F /* MockComponentCreator.swift */ = {isa = PBXFileReference; lastKnownFileType = sourcecode.swift; path = MockComponentCreator.swift; sourceTree = "<group>"; };
		B6085AFD20D5486600BABA4F /* MockProductService.swift */ = {isa = PBXFileReference; lastKnownFileType = sourcecode.swift; path = MockProductService.swift; sourceTree = "<group>"; };
		B6085AFF20D549C400BABA4F /* ViewModel.swift */ = {isa = PBXFileReference; fileEncoding = 4; lastKnownFileType = sourcecode.swift; path = ViewModel.swift; sourceTree = "<group>"; };
		B6085B0220D54AB200BABA4F /* RxCollector.swift */ = {isa = PBXFileReference; fileEncoding = 4; lastKnownFileType = sourcecode.swift; path = RxCollector.swift; sourceTree = "<group>"; };
		B6085B0620D557CC00BABA4F /* ShoppingApp.swift */ = {isa = PBXFileReference; lastKnownFileType = sourcecode.swift; path = ShoppingApp.swift; sourceTree = "<group>"; };
		B6085B0820D558DF00BABA4F /* RouterCreatable.swift */ = {isa = PBXFileReference; lastKnownFileType = sourcecode.swift; path = RouterCreatable.swift; sourceTree = "<group>"; };
		B6085B0C20D5594900BABA4F /* ShoppingAppRouter.swift */ = {isa = PBXFileReference; lastKnownFileType = sourcecode.swift; path = ShoppingAppRouter.swift; sourceTree = "<group>"; };
		B6085B0E20D55A1600BABA4F /* ProductsRouter.swift */ = {isa = PBXFileReference; lastKnownFileType = sourcecode.swift; path = ProductsRouter.swift; sourceTree = "<group>"; };
		B6085B1020D55A8F00BABA4F /* Navigation.swift */ = {isa = PBXFileReference; fileEncoding = 4; lastKnownFileType = sourcecode.swift; path = Navigation.swift; sourceTree = "<group>"; };
		B6085B1220D55A9B00BABA4F /* ViewControllerCreatable.swift */ = {isa = PBXFileReference; fileEncoding = 4; lastKnownFileType = sourcecode.swift; path = ViewControllerCreatable.swift; sourceTree = "<group>"; };
		B6085B1420D55ABA00BABA4F /* ModelableViewController.swift */ = {isa = PBXFileReference; fileEncoding = 4; lastKnownFileType = sourcecode.swift; path = ModelableViewController.swift; sourceTree = "<group>"; };
		B6085B1720D562D300BABA4F /* ShoppingAppRouterTests.swift */ = {isa = PBXFileReference; lastKnownFileType = sourcecode.swift; path = ShoppingAppRouterTests.swift; sourceTree = "<group>"; };
		B6085B1920D5650300BABA4F /* ProductCell.swift */ = {isa = PBXFileReference; lastKnownFileType = sourcecode.swift; path = ProductCell.swift; sourceTree = "<group>"; };
		B6085B1C20D58C3000BABA4F /* ProductCellTests.swift */ = {isa = PBXFileReference; lastKnownFileType = sourcecode.swift; path = ProductCellTests.swift; sourceTree = "<group>"; };
		B6085B1E20D58D3C00BABA4F /* NibCreator.swift */ = {isa = PBXFileReference; fileEncoding = 4; lastKnownFileType = sourcecode.swift; path = NibCreator.swift; sourceTree = "<group>"; };
		B6085B2020D58EF600BABA4F /* ProductCell.xib */ = {isa = PBXFileReference; lastKnownFileType = file.xib; path = ProductCell.xib; sourceTree = "<group>"; };
		B6085B2320D5930D00BABA4F /* ProductCellRepresentable.swift */ = {isa = PBXFileReference; lastKnownFileType = sourcecode.swift; path = ProductCellRepresentable.swift; sourceTree = "<group>"; };
		B6085B2720D597FB00BABA4F /* CollectionViewDataSourceTests.swift */ = {isa = PBXFileReference; lastKnownFileType = sourcecode.swift; path = CollectionViewDataSourceTests.swift; sourceTree = "<group>"; };
		B6085B2A20D5988200BABA4F /* CollectionViewDataSource.swift */ = {isa = PBXFileReference; lastKnownFileType = sourcecode.swift; path = CollectionViewDataSource.swift; sourceTree = "<group>"; };
		B6085B2C20D5993F00BABA4F /* CollectionViewItem.swift */ = {isa = PBXFileReference; fileEncoding = 4; lastKnownFileType = sourcecode.swift; path = CollectionViewItem.swift; sourceTree = "<group>"; };
		B6085B2D20D5993F00BABA4F /* CollectionViewCell.swift */ = {isa = PBXFileReference; fileEncoding = 4; lastKnownFileType = sourcecode.swift; path = CollectionViewCell.swift; sourceTree = "<group>"; };
		B6085B3120D5AAFE00BABA4F /* UICollectionView+Extension.swift */ = {isa = PBXFileReference; lastKnownFileType = sourcecode.swift; path = "UICollectionView+Extension.swift"; sourceTree = "<group>"; };
		B6085B3520D656B900BABA4F /* Color.swift */ = {isa = PBXFileReference; lastKnownFileType = sourcecode.swift; path = Color.swift; sourceTree = "<group>"; };
		B6085B3820D6609400BABA4F /* ProductsViewControllerTests.swift */ = {isa = PBXFileReference; lastKnownFileType = sourcecode.swift; path = ProductsViewControllerTests.swift; sourceTree = "<group>"; };
		B6085B3A20D66E4600BABA4F /* ProductDetailViewModel.swift */ = {isa = PBXFileReference; lastKnownFileType = sourcecode.swift; path = ProductDetailViewModel.swift; sourceTree = "<group>"; };
		B6085B4020D66EA200BABA4F /* ProductDetailRouter.swift */ = {isa = PBXFileReference; lastKnownFileType = sourcecode.swift; path = ProductDetailRouter.swift; sourceTree = "<group>"; };
		B6085B4220D66EBF00BABA4F /* ProductDetailViewController.swift */ = {isa = PBXFileReference; lastKnownFileType = sourcecode.swift; path = ProductDetailViewController.swift; sourceTree = "<group>"; };
		B6085B4420D66ED900BABA4F /* ProductDetailViewController.storyboard */ = {isa = PBXFileReference; lastKnownFileType = file.storyboard; path = ProductDetailViewController.storyboard; sourceTree = "<group>"; };
		B6085B4620D6740C00BABA4F /* MockProductDetailRouter.swift */ = {isa = PBXFileReference; lastKnownFileType = sourcecode.swift; path = MockProductDetailRouter.swift; sourceTree = "<group>"; };
		B6085B4A20D6809600BABA4F /* ProductDetailRequest.swift */ = {isa = PBXFileReference; lastKnownFileType = sourcecode.swift; path = ProductDetailRequest.swift; sourceTree = "<group>"; };
		B6085B4D20D680CB00BABA4F /* ProductDetailRequest.swift */ = {isa = PBXFileReference; lastKnownFileType = sourcecode.swift; path = ProductDetailRequest.swift; sourceTree = "<group>"; };
		B6085B4F20D681D800BABA4F /* ClassError.swift */ = {isa = PBXFileReference; fileEncoding = 4; lastKnownFileType = sourcecode.swift; path = ClassError.swift; sourceTree = "<group>"; };
		B6CC05FE20D2F06800254F87 /* ShoppingApp.app */ = {isa = PBXFileReference; explicitFileType = wrapper.application; includeInIndex = 0; path = ShoppingApp.app; sourceTree = BUILT_PRODUCTS_DIR; };
		B6CC060120D2F06800254F87 /* AppDelegate.swift */ = {isa = PBXFileReference; lastKnownFileType = sourcecode.swift; path = AppDelegate.swift; sourceTree = "<group>"; };
		B6CC060320D2F06800254F87 /* ProductsViewController.swift */ = {isa = PBXFileReference; lastKnownFileType = sourcecode.swift; path = ProductsViewController.swift; sourceTree = "<group>"; };
		B6CC060620D2F06800254F87 /* Base */ = {isa = PBXFileReference; lastKnownFileType = file.storyboard; name = Base; path = Base.lproj/ProductsViewController.storyboard; sourceTree = "<group>"; };
		B6CC060820D2F06800254F87 /* Assets.xcassets */ = {isa = PBXFileReference; lastKnownFileType = folder.assetcatalog; path = Assets.xcassets; sourceTree = "<group>"; };
		B6CC060B20D2F06800254F87 /* Base */ = {isa = PBXFileReference; lastKnownFileType = file.storyboard; name = Base; path = Base.lproj/LaunchScreen.storyboard; sourceTree = "<group>"; };
		B6CC060D20D2F06800254F87 /* Info.plist */ = {isa = PBXFileReference; lastKnownFileType = text.plist.xml; path = Info.plist; sourceTree = "<group>"; };
		B6CC061220D2F06900254F87 /* ShoppingAppTests.xctest */ = {isa = PBXFileReference; explicitFileType = wrapper.cfbundle; includeInIndex = 0; path = ShoppingAppTests.xctest; sourceTree = BUILT_PRODUCTS_DIR; };
		B6CC061820D2F06900254F87 /* Info.plist */ = {isa = PBXFileReference; lastKnownFileType = text.plist.xml; path = Info.plist; sourceTree = "<group>"; };
		B6E0567D20D2FAA300613D05 /* ProductsResourceTests.swift */ = {isa = PBXFileReference; lastKnownFileType = sourcecode.swift; path = ProductsResourceTests.swift; sourceTree = "<group>"; };
		B6E0567F20D2FB9B00613D05 /* ProductResource.swift */ = {isa = PBXFileReference; lastKnownFileType = sourcecode.swift; path = ProductResource.swift; sourceTree = "<group>"; };
		D47DD8838205C848EBD57D0C /* Pods-ShoppingAppTests.release.xcconfig */ = {isa = PBXFileReference; includeInIndex = 1; lastKnownFileType = text.xcconfig; name = "Pods-ShoppingAppTests.release.xcconfig"; path = "Pods/Target Support Files/Pods-ShoppingAppTests/Pods-ShoppingAppTests.release.xcconfig"; sourceTree = "<group>"; };
		F6D5B5538B8D0B438A79C87B /* Pods-ShoppingApp.release.xcconfig */ = {isa = PBXFileReference; includeInIndex = 1; lastKnownFileType = text.xcconfig; name = "Pods-ShoppingApp.release.xcconfig"; path = "Pods/Target Support Files/Pods-ShoppingApp/Pods-ShoppingApp.release.xcconfig"; sourceTree = "<group>"; };
/* End PBXFileReference section */

/* Begin PBXFrameworksBuildPhase section */
		B6CC05FB20D2F06800254F87 /* Frameworks */ = {
			isa = PBXFrameworksBuildPhase;
			buildActionMask = 2147483647;
			files = (
				3680D49590FF1CB428279C5D /* Pods_ShoppingApp.framework in Frameworks */,
			);
			runOnlyForDeploymentPostprocessing = 0;
		};
		B6CC060F20D2F06900254F87 /* Frameworks */ = {
			isa = PBXFrameworksBuildPhase;
			buildActionMask = 2147483647;
			files = (
				978BF6AE59CE162FCBDCA3DF /* Pods_ShoppingAppTests.framework in Frameworks */,
			);
			runOnlyForDeploymentPostprocessing = 0;
		};
/* End PBXFrameworksBuildPhase section */

/* Begin PBXGroup section */
		812F1AAA7572A8FA1CDB8B0B /* Pods */ = {
			isa = PBXGroup;
			children = (
				ACAC005CD8A35CFC89082434 /* Pods-ShoppingApp.debug.xcconfig */,
				F6D5B5538B8D0B438A79C87B /* Pods-ShoppingApp.release.xcconfig */,
				491D1EA9638153A5867F5063 /* Pods-ShoppingAppTests.debug.xcconfig */,
				D47DD8838205C848EBD57D0C /* Pods-ShoppingAppTests.release.xcconfig */,
			);
			name = Pods;
			sourceTree = "<group>";
		};
		8EC895D48C1174DD05F405F7 /* Frameworks */ = {
			isa = PBXGroup;
			children = (
				AD3579066DC766E78E98DEDC /* Pods_ShoppingApp.framework */,
				9B2A5D0633B942D174B78BC5 /* Pods_ShoppingAppTests.framework */,
			);
			name = Frameworks;
			sourceTree = "<group>";
		};
		B6085A6E20D2FC5E00BABA4F /* Shared */ = {
			isa = PBXGroup;
			children = (
				B6085B3020D5AAEB00BABA4F /* extension */,
				B6085B2920D5987300BABA4F /* datasource */,
				B6085AC020D5012F00BABA4F /* model */,
				B6085A8B20D3188900BABA4F /* util */,
				B6085A7120D2FC8400BABA4F /* protocol */,
			);
			path = Shared;
			sourceTree = "<group>";
		};
		B6085A7120D2FC8400BABA4F /* protocol */ = {
			isa = PBXGroup;
			children = (
				B6085B2D20D5993F00BABA4F /* CollectionViewCell.swift */,
				B6085B2C20D5993F00BABA4F /* CollectionViewItem.swift */,
				B6085B1420D55ABA00BABA4F /* ModelableViewController.swift */,
				B6085B1220D55A9B00BABA4F /* ViewControllerCreatable.swift */,
				B6085B1020D55A8F00BABA4F /* Navigation.swift */,
				B6085AFF20D549C400BABA4F /* ViewModel.swift */,
				B6085A6F20D2FC6900BABA4F /* Resource.swift */,
				B6085AAC20D4EECF00BABA4F /* HttpSchemeBuilder.swift */,
				B6085ABE20D4FFD200BABA4F /* ApiRequest.swift */,
			);
			path = protocol;
			sourceTree = "<group>";
		};
		B6085A7720D300D400BABA4F /* Helper */ = {
			isa = PBXGroup;
			children = (
				B6085B1E20D58D3C00BABA4F /* NibCreator.swift */,
				B6085B0220D54AB200BABA4F /* RxCollector.swift */,
				B6085A7820D300E900BABA4F /* FileHelper.swift */,
			);
			path = Helper;
			sourceTree = "<group>";
		};
		B6085A7A20D3010900BABA4F /* Resources */ = {
			isa = PBXGroup;
			children = (
				B6085AEE20D5406800BABA4F /* empty.json */,
				B6085A7B20D3015400BABA4F /* products.json */,
				B6085A8220D30A9900BABA4F /* product-3215462.json */,
				B6085A9220D44E5B00BABA4F /* product-details-3215462.json */,
			);
			path = Resources;
			sourceTree = "<group>";
		};
		B6085A7D20D305E700BABA4F /* Mothers */ = {
			isa = PBXGroup;
			children = (
				B6085A7E20D305FC00BABA4F /* ProductMother.swift */,
				B6085A8920D3184200BABA4F /* PriceMother.swift */,
				B6085A9420D44E8800BABA4F /* ProductDetailsMother.swift */,
				B6085A9E20D4560C00BABA4F /* ProductAdditionalServicesMother.swift */,
				B6085AA020D4646B00BABA4F /* ProductFeatureMother.swift */,
				B6085AA820D4718100BABA4F /* ProductMediaMother.swift */,
				B6085ACD20D512B100BABA4F /* HttpResponseMother.swift */,
			);
			path = Mothers;
			sourceTree = "<group>";
		};
		B6085A8B20D3188900BABA4F /* util */ = {
			isa = PBXGroup;
			children = (
				B6085AF320D541D100BABA4F /* ComponentCreator.swift */,
				B6085AE120D53A2D00BABA4F /* UtilityCreatable.swift */,
				B6085ADF20D539F300BABA4F /* ApiClient.swift */,
				B6085ADB20D539CE00BABA4F /* Service.swift */,
				B6085ADC20D539CE00BABA4F /* ServiceCreatable.swift */,
				B6085B0820D558DF00BABA4F /* RouterCreatable.swift */,
				B6085AD920D539BC00BABA4F /* ComponentCreatable.swift */,
				B6085AE320D53A3D00BABA4F /* RemoteCreatable.swift */,
				B6085A8C20D3189F00BABA4F /* StringUtil.swift */,
				B6085AD720D5395000BABA4F /* HttpClient.swift */,
			);
			path = util;
			sourceTree = "<group>";
		};
		B6085AAE20D4F46900BABA4F /* Shared */ = {
			isa = PBXGroup;
			children = (
				B6085B2620D597C800BABA4F /* datasource */,
				B6085AD120D5184600BABA4F /* model */,
				B6085AB520D4F85400BABA4F /* util */,
				B6085AB220D4F53600BABA4F /* protocol */,
			);
			path = Shared;
			sourceTree = "<group>";
		};
		B6085AAF20D4F49B00BABA4F /* Mocks */ = {
			isa = PBXGroup;
			children = (
				B6085AB020D4F4AB00BABA4F /* MockHttpSchemeBuilder.swift */,
				B6085AC520D5064800BABA4F /* MockProductsRequest.swift */,
				B6085AFB20D5482400BABA4F /* MockComponentCreator.swift */,
				B6085AFD20D5486600BABA4F /* MockProductService.swift */,
				B6085B4620D6740C00BABA4F /* MockProductDetailRouter.swift */,
			);
			path = Mocks;
			sourceTree = "<group>";
		};
		B6085AB220D4F53600BABA4F /* protocol */ = {
			isa = PBXGroup;
			children = (
				B6085AB320D4F54A00BABA4F /* HttpSchemeProtocolSpec.swift */,
				B6085AC720D50B1200BABA4F /* ApiRequestTests.swift */,
			);
			path = protocol;
			sourceTree = "<group>";
		};
		B6085AB520D4F85400BABA4F /* util */ = {
			isa = PBXGroup;
			children = (
				B6085AB620D4F86100BABA4F /* StringUtilSpec.swift */,
			);
			path = util;
			sourceTree = "<group>";
		};
		B6085AB820D4FD5C00BABA4F /* viewcontroller */ = {
			isa = PBXGroup;
			children = (
				B6CC060320D2F06800254F87 /* ProductsViewController.swift */,
				B6CC060520D2F06800254F87 /* ProductsViewController.storyboard */,
			);
			name = viewcontroller;
			path = "New Group";
			sourceTree = "<group>";
		};
		B6085ABB20D4FD9500BABA4F /* request */ = {
			isa = PBXGroup;
			children = (
				B6085ABC20D4FDAA00BABA4F /* ProductsRequestTests.swift */,
			);
			path = request;
			sourceTree = "<group>";
		};
		B6085AC020D5012F00BABA4F /* model */ = {
			isa = PBXGroup;
			children = (
				B6085B3420D656AC00BABA4F /* constants */,
				B6085AD620D52C6500BABA4F /* error */,
				B6085AD420D518CC00BABA4F /* HttpStatusCode.swift */,
				B6085AC120D5014200BABA4F /* HttpMethod.swift */,
				B6085AC920D510D400BABA4F /* HttpResponse.swift */,
				B6085ACB20D5116100BABA4F /* ApiResponse.swift */,
			);
			path = model;
			sourceTree = "<group>";
		};
		B6085AD120D5184600BABA4F /* model */ = {
			isa = PBXGroup;
			children = (
				B6085AD220D5185300BABA4F /* ApiResponseTests.swift */,
			);
			path = model;
			sourceTree = "<group>";
		};
		B6085AD620D52C6500BABA4F /* error */ = {
			isa = PBXGroup;
			children = (
				B6085B4F20D681D800BABA4F /* ClassError.swift */,
				B6085ACF20D5171D00BABA4F /* ApiError.swift */,
				B6085AC320D5055100BABA4F /* ApiRequestError.swift */,
			);
			path = error;
			sourceTree = "<group>";
		};
		B6085AE920D53B7E00BABA4F /* HttpMocks */ = {
			isa = PBXGroup;
			children = (
				B6085AEA20D53C4300BABA4F /* ProductsHttpMocker.swift */,
				B6085AEC20D53E8300BABA4F /* Constants.swift */,
			);
			path = HttpMocks;
			sourceTree = "<group>";
		};
		B6085AF020D5407700BABA4F /* service */ = {
			isa = PBXGroup;
			children = (
				B6085AF120D5408400BABA4F /* ProductServiceTests.swift */,
			);
			path = service;
			sourceTree = "<group>";
		};
		B6085AF520D5460200BABA4F /* viewmodel */ = {
			isa = PBXGroup;
			children = (
				B6085AF620D5461100BABA4F /* ProductsViewModel.swift */,
			);
			path = viewmodel;
			sourceTree = "<group>";
		};
		B6085AF820D546F800BABA4F /* viewmodel */ = {
			isa = PBXGroup;
			children = (
				B6085AF920D5470B00BABA4F /* ProductsViewModelTests.swift */,
			);
			path = viewmodel;
			sourceTree = "<group>";
		};
		B6085B0420D5562400BABA4F /* view */ = {
			isa = PBXGroup;
			children = (
				B6085B1920D5650300BABA4F /* ProductCell.swift */,
				B6085B2020D58EF600BABA4F /* ProductCell.xib */,
			);
			path = view;
			sourceTree = "<group>";
		};
		B6085B0520D557B800BABA4F /* App */ = {
			isa = PBXGroup;
			children = (
				B6CC060120D2F06800254F87 /* AppDelegate.swift */,
				B6085B0620D557CC00BABA4F /* ShoppingApp.swift */,
				B6085B0B20D5593700BABA4F /* router */,
			);
			path = App;
			sourceTree = "<group>";
		};
		B6085B0A20D5593100BABA4F /* router */ = {
			isa = PBXGroup;
			children = (
				B6085B0E20D55A1600BABA4F /* ProductsRouter.swift */,
			);
			path = router;
			sourceTree = "<group>";
		};
		B6085B0B20D5593700BABA4F /* router */ = {
			isa = PBXGroup;
			children = (
				B6085B0C20D5594900BABA4F /* ShoppingAppRouter.swift */,
			);
			path = router;
			sourceTree = "<group>";
		};
		B6085B1620D562C500BABA4F /* router */ = {
			isa = PBXGroup;
			children = (
				B6085B1720D562D300BABA4F /* ShoppingAppRouterTests.swift */,
			);
			path = router;
			sourceTree = "<group>";
		};
		B6085B1B20D58C2400BABA4F /* view */ = {
			isa = PBXGroup;
			children = (
				B6085B1C20D58C3000BABA4F /* ProductCellTests.swift */,
			);
			path = view;
			sourceTree = "<group>";
		};
		B6085B2220D592EA00BABA4F /* protocol */ = {
			isa = PBXGroup;
			children = (
				B6085B2320D5930D00BABA4F /* ProductCellRepresentable.swift */,
			);
			path = protocol;
			sourceTree = "<group>";
		};
		B6085B2620D597C800BABA4F /* datasource */ = {
			isa = PBXGroup;
			children = (
				B6085B2720D597FB00BABA4F /* CollectionViewDataSourceTests.swift */,
			);
			path = datasource;
			sourceTree = "<group>";
		};
		B6085B2920D5987300BABA4F /* datasource */ = {
			isa = PBXGroup;
			children = (
				B6085B2A20D5988200BABA4F /* CollectionViewDataSource.swift */,
			);
			path = datasource;
			sourceTree = "<group>";
		};
		B6085B3020D5AAEB00BABA4F /* extension */ = {
			isa = PBXGroup;
			children = (
				B6085B3120D5AAFE00BABA4F /* UICollectionView+Extension.swift */,
			);
			path = extension;
			sourceTree = "<group>";
		};
		B6085B3420D656AC00BABA4F /* constants */ = {
			isa = PBXGroup;
			children = (
				B6085B3520D656B900BABA4F /* Color.swift */,
			);
			path = constants;
			sourceTree = "<group>";
		};
		B6085B3720D6608100BABA4F /* viewcontroller */ = {
			isa = PBXGroup;
			children = (
				B6085B3820D6609400BABA4F /* ProductsViewControllerTests.swift */,
			);
			path = viewcontroller;
			sourceTree = "<group>";
		};
		B6085B3C20D66E5900BABA4F /* ProductDetail */ = {
			isa = PBXGroup;
			children = (
				B6085B4C20D680B700BABA4F /* request */,
				B6085B3F20D66E7F00BABA4F /* viewmodel */,
				B6085B3E20D66E7A00BABA4F /* router */,
				B6085B3D20D66E6F00BABA4F /* viewcontroller */,
			);
			path = ProductDetail;
			sourceTree = "<group>";
		};
		B6085B3D20D66E6F00BABA4F /* viewcontroller */ = {
			isa = PBXGroup;
			children = (
				B6085B4220D66EBF00BABA4F /* ProductDetailViewController.swift */,
				B6085B4420D66ED900BABA4F /* ProductDetailViewController.storyboard */,
			);
			path = viewcontroller;
			sourceTree = "<group>";
		};
		B6085B3E20D66E7A00BABA4F /* router */ = {
			isa = PBXGroup;
			children = (
				B6085B4020D66EA200BABA4F /* ProductDetailRouter.swift */,
			);
			path = router;
			sourceTree = "<group>";
		};
		B6085B3F20D66E7F00BABA4F /* viewmodel */ = {
			isa = PBXGroup;
			children = (
				B6085B3A20D66E4600BABA4F /* ProductDetailViewModel.swift */,
			);
			path = viewmodel;
			sourceTree = "<group>";
		};
		B6085B4820D67CBF00BABA4F /* ProductDetail */ = {
			isa = PBXGroup;
			children = (
				B6085B4920D6807400BABA4F /* request */,
			);
			path = ProductDetail;
			sourceTree = "<group>";
		};
		B6085B4920D6807400BABA4F /* request */ = {
			isa = PBXGroup;
			children = (
				B6085B4A20D6809600BABA4F /* ProductDetailRequest.swift */,
			);
			path = request;
			sourceTree = "<group>";
		};
		B6085B4C20D680B700BABA4F /* request */ = {
			isa = PBXGroup;
			children = (
				B6085B4D20D680CB00BABA4F /* ProductDetailRequest.swift */,
			);
			path = request;
			sourceTree = "<group>";
		};
		B6CC05F520D2F06800254F87 = {
			isa = PBXGroup;
			children = (
				B6CC060020D2F06800254F87 /* ShoppingApp */,
				B6CC061520D2F06900254F87 /* ShoppingAppTests */,
				B6CC05FF20D2F06800254F87 /* Products */,
				812F1AAA7572A8FA1CDB8B0B /* Pods */,
				8EC895D48C1174DD05F405F7 /* Frameworks */,
			);
			sourceTree = "<group>";
		};
		B6CC05FF20D2F06800254F87 /* Products */ = {
			isa = PBXGroup;
			children = (
				B6CC05FE20D2F06800254F87 /* ShoppingApp.app */,
				B6CC061220D2F06900254F87 /* ShoppingAppTests.xctest */,
			);
			name = Products;
			sourceTree = "<group>";
		};
		B6CC060020D2F06800254F87 /* ShoppingApp */ = {
			isa = PBXGroup;
			children = (
				B6085B0520D557B800BABA4F /* App */,
				B6E0567520D2F9FD00613D05 /* Product */,
				B6085B3C20D66E5900BABA4F /* ProductDetail */,
				B6085A6E20D2FC5E00BABA4F /* Shared */,
				B6E0567420D2F69B00613D05 /* SupportFiles */,
			);
			path = ShoppingApp;
			sourceTree = "<group>";
		};
		B6CC061520D2F06900254F87 /* ShoppingAppTests */ = {
			isa = PBXGroup;
			children = (
				B6085B4820D67CBF00BABA4F /* ProductDetail */,
				B6E0567B20D2FA8800613D05 /* Product */,
				B6085AE920D53B7E00BABA4F /* HttpMocks */,
				B6085AAF20D4F49B00BABA4F /* Mocks */,
				B6085AAE20D4F46900BABA4F /* Shared */,
				B6085A7D20D305E700BABA4F /* Mothers */,
				B6085A7A20D3010900BABA4F /* Resources */,
				B6085A7720D300D400BABA4F /* Helper */,
				B6CC061820D2F06900254F87 /* Info.plist */,
			);
			path = ShoppingAppTests;
			sourceTree = "<group>";
		};
		B6E0567420D2F69B00613D05 /* SupportFiles */ = {
			isa = PBXGroup;
			children = (
				B6CC060820D2F06800254F87 /* Assets.xcassets */,
				B6CC060A20D2F06800254F87 /* LaunchScreen.storyboard */,
				B6CC060D20D2F06800254F87 /* Info.plist */,
			);
			path = SupportFiles;
			sourceTree = "<group>";
		};
		B6E0567520D2F9FD00613D05 /* Product */ = {
			isa = PBXGroup;
			children = (
				B6085B0A20D5593100BABA4F /* router */,
				B6085B0420D5562400BABA4F /* view */,
				B6085AF520D5460200BABA4F /* viewmodel */,
				B6085AB820D4FD5C00BABA4F /* viewcontroller */,
				B6E0567920D2FA1600613D05 /* service */,
				B6E0567820D2FA1100613D05 /* remote */,
				B6E0567720D2FA0C00613D05 /* request */,
				B6E0567620D2FA0600613D05 /* resource */,
				B6085B2220D592EA00BABA4F /* protocol */,
			);
			path = Product;
			sourceTree = "<group>";
		};
		B6E0567620D2FA0600613D05 /* resource */ = {
			isa = PBXGroup;
			children = (
				B6085A7220D2FD5800BABA4F /* ProductsResource.swift */,
				B6E0567F20D2FB9B00613D05 /* ProductResource.swift */,
				B6085AA620D470D000BABA4F /* ProductMediaResource.swift */,
				B6085A8520D315D900BABA4F /* PriceResource.swift */,
				B6085A9020D44C8000BABA4F /* ProductDetailsResource.swift */,
				B6085A9A20D454E500BABA4F /* ProductAdditionalServicesResource.swift */,
				B6085AA420D4663400BABA4F /* ProductFeatureResource.swift */,
			);
			path = resource;
			sourceTree = "<group>";
		};
		B6E0567720D2FA0C00613D05 /* request */ = {
			isa = PBXGroup;
			children = (
				B6085AB920D4FD8C00BABA4F /* ProductsRequest.swift */,
			);
			path = request;
			sourceTree = "<group>";
		};
		B6E0567820D2FA1100613D05 /* remote */ = {
			isa = PBXGroup;
			children = (
				B6085AE520D53A5D00BABA4F /* ProductRemote.swift */,
			);
			path = remote;
			sourceTree = "<group>";
		};
		B6E0567920D2FA1600613D05 /* service */ = {
			isa = PBXGroup;
			children = (
				B6085AE720D53AB900BABA4F /* ProductService.swift */,
			);
			path = service;
			sourceTree = "<group>";
		};
		B6E0567B20D2FA8800613D05 /* Product */ = {
			isa = PBXGroup;
			children = (
				B6085B3720D6608100BABA4F /* viewcontroller */,
				B6085B1B20D58C2400BABA4F /* view */,
				B6085B1620D562C500BABA4F /* router */,
				B6085AF820D546F800BABA4F /* viewmodel */,
				B6085AF020D5407700BABA4F /* service */,
				B6085ABB20D4FD9500BABA4F /* request */,
				B6E0567C20D2FA8D00613D05 /* resource */,
			);
			path = Product;
			sourceTree = "<group>";
		};
		B6E0567C20D2FA8D00613D05 /* resource */ = {
			isa = PBXGroup;
			children = (
				B6E0567D20D2FAA300613D05 /* ProductsResourceTests.swift */,
				B6085A8020D3087200BABA4F /* ProductResourceTests.swift */,
				B6085A8720D3183400BABA4F /* PriceResourceTests.swift */,
				B6085AA220D465C000BABA4F /* ProductFeatureResource.swift */,
				B6085A8E20D448BD00BABA4F /* ProductDetailsResourceTests.swift */,
				B6085A9C20D4551000BABA4F /* ProductAdditionalServicesResourceTests.swift */,
				B6085AAA20D4ECEE00BABA4F /* ProductMediaResourceTests.swift */,
			);
			path = resource;
			sourceTree = "<group>";
		};
/* End PBXGroup section */

/* Begin PBXNativeTarget section */
		B6CC05FD20D2F06800254F87 /* ShoppingApp */ = {
			isa = PBXNativeTarget;
			buildConfigurationList = B6CC061B20D2F06900254F87 /* Build configuration list for PBXNativeTarget "ShoppingApp" */;
			buildPhases = (
				1DC37E9BB8BEE909D73FF90E /* [CP] Check Pods Manifest.lock */,
				B6CC05FA20D2F06800254F87 /* Sources */,
				B6CC05FB20D2F06800254F87 /* Frameworks */,
				B6CC05FC20D2F06800254F87 /* Resources */,
				A8BCA2739F27708995CE52E1 /* [CP] Embed Pods Frameworks */,
				B6E0567320D2F60E00613D05 /* SwiftLint */,
			);
			buildRules = (
			);
			dependencies = (
			);
			name = ShoppingApp;
			productName = ShoppingApp;
			productReference = B6CC05FE20D2F06800254F87 /* ShoppingApp.app */;
			productType = "com.apple.product-type.application";
		};
		B6CC061120D2F06900254F87 /* ShoppingAppTests */ = {
			isa = PBXNativeTarget;
			buildConfigurationList = B6CC061E20D2F06900254F87 /* Build configuration list for PBXNativeTarget "ShoppingAppTests" */;
			buildPhases = (
				F200DC2FA17ED622B63AAC57 /* [CP] Check Pods Manifest.lock */,
				B6CC060E20D2F06900254F87 /* Sources */,
				B6CC060F20D2F06900254F87 /* Frameworks */,
				B6CC061020D2F06900254F87 /* Resources */,
				2CEAF6F92AB1FF6BD6AF0726 /* [CP] Embed Pods Frameworks */,
			);
			buildRules = (
			);
			dependencies = (
				B6CC061420D2F06900254F87 /* PBXTargetDependency */,
			);
			name = ShoppingAppTests;
			productName = ShoppingAppTests;
			productReference = B6CC061220D2F06900254F87 /* ShoppingAppTests.xctest */;
			productType = "com.apple.product-type.bundle.unit-test";
		};
/* End PBXNativeTarget section */

/* Begin PBXProject section */
		B6CC05F620D2F06800254F87 /* Project object */ = {
			isa = PBXProject;
			attributes = {
				LastSwiftUpdateCheck = 0940;
				LastUpgradeCheck = 0940;
				ORGANIZATIONNAME = johnlewis;
				TargetAttributes = {
					B6CC05FD20D2F06800254F87 = {
						CreatedOnToolsVersion = 9.4;
					};
					B6CC061120D2F06900254F87 = {
						CreatedOnToolsVersion = 9.4;
						TestTargetID = B6CC05FD20D2F06800254F87;
					};
				};
			};
			buildConfigurationList = B6CC05F920D2F06800254F87 /* Build configuration list for PBXProject "ShoppingApp" */;
			compatibilityVersion = "Xcode 9.3";
			developmentRegion = en;
			hasScannedForEncodings = 0;
			knownRegions = (
				en,
				Base,
			);
			mainGroup = B6CC05F520D2F06800254F87;
			productRefGroup = B6CC05FF20D2F06800254F87 /* Products */;
			projectDirPath = "";
			projectRoot = "";
			targets = (
				B6CC05FD20D2F06800254F87 /* ShoppingApp */,
				B6CC061120D2F06900254F87 /* ShoppingAppTests */,
			);
		};
/* End PBXProject section */

/* Begin PBXResourcesBuildPhase section */
		B6CC05FC20D2F06800254F87 /* Resources */ = {
			isa = PBXResourcesBuildPhase;
			buildActionMask = 2147483647;
			files = (
				B6CC060C20D2F06800254F87 /* LaunchScreen.storyboard in Resources */,
				B6085B2120D58EF600BABA4F /* ProductCell.xib in Resources */,
				B6CC060920D2F06800254F87 /* Assets.xcassets in Resources */,
				B6CC060720D2F06800254F87 /* ProductsViewController.storyboard in Resources */,
				B6085B4520D66ED900BABA4F /* ProductDetailViewController.storyboard in Resources */,
			);
			runOnlyForDeploymentPostprocessing = 0;
		};
		B6CC061020D2F06900254F87 /* Resources */ = {
			isa = PBXResourcesBuildPhase;
			buildActionMask = 2147483647;
			files = (
				B6085A9320D44E5B00BABA4F /* product-details-3215462.json in Resources */,
				B6085AEF20D5406800BABA4F /* empty.json in Resources */,
				B6085A8320D30A9900BABA4F /* product-3215462.json in Resources */,
				B6085A7C20D3015400BABA4F /* products.json in Resources */,
			);
			runOnlyForDeploymentPostprocessing = 0;
		};
/* End PBXResourcesBuildPhase section */

/* Begin PBXShellScriptBuildPhase section */
		1DC37E9BB8BEE909D73FF90E /* [CP] Check Pods Manifest.lock */ = {
			isa = PBXShellScriptBuildPhase;
			buildActionMask = 2147483647;
			files = (
			);
			inputPaths = (
				"${PODS_PODFILE_DIR_PATH}/Podfile.lock",
				"${PODS_ROOT}/Manifest.lock",
			);
			name = "[CP] Check Pods Manifest.lock";
			outputPaths = (
				"$(DERIVED_FILE_DIR)/Pods-ShoppingApp-checkManifestLockResult.txt",
			);
			runOnlyForDeploymentPostprocessing = 0;
			shellPath = /bin/sh;
			shellScript = "diff \"${PODS_PODFILE_DIR_PATH}/Podfile.lock\" \"${PODS_ROOT}/Manifest.lock\" > /dev/null\nif [ $? != 0 ] ; then\n    # print error to STDERR\n    echo \"error: The sandbox is not in sync with the Podfile.lock. Run 'pod install' or update your CocoaPods installation.\" >&2\n    exit 1\nfi\n# This output is used by Xcode 'outputs' to avoid re-running this script phase.\necho \"SUCCESS\" > \"${SCRIPT_OUTPUT_FILE_0}\"\n";
			showEnvVarsInLog = 0;
		};
		2CEAF6F92AB1FF6BD6AF0726 /* [CP] Embed Pods Frameworks */ = {
			isa = PBXShellScriptBuildPhase;
			buildActionMask = 2147483647;
			files = (
			);
			inputPaths = (
				"${SRCROOT}/Pods/Target Support Files/Pods-ShoppingAppTests/Pods-ShoppingAppTests-frameworks.sh",
				"${BUILT_PRODUCTS_DIR}/Kingfisher/Kingfisher.framework",
				"${BUILT_PRODUCTS_DIR}/RxCocoa/RxCocoa.framework",
				"${BUILT_PRODUCTS_DIR}/RxSwift/RxSwift.framework",
				"${BUILT_PRODUCTS_DIR}/SwiftyJSON/SwiftyJSON.framework",
				"${BUILT_PRODUCTS_DIR}/Nimble/Nimble.framework",
				"${BUILT_PRODUCTS_DIR}/OHHTTPStubs/OHHTTPStubs.framework",
				"${BUILT_PRODUCTS_DIR}/Quick/Quick.framework",
			);
			name = "[CP] Embed Pods Frameworks";
			outputPaths = (
				"${TARGET_BUILD_DIR}/${FRAMEWORKS_FOLDER_PATH}/Kingfisher.framework",
				"${TARGET_BUILD_DIR}/${FRAMEWORKS_FOLDER_PATH}/RxCocoa.framework",
				"${TARGET_BUILD_DIR}/${FRAMEWORKS_FOLDER_PATH}/RxSwift.framework",
				"${TARGET_BUILD_DIR}/${FRAMEWORKS_FOLDER_PATH}/SwiftyJSON.framework",
				"${TARGET_BUILD_DIR}/${FRAMEWORKS_FOLDER_PATH}/Nimble.framework",
				"${TARGET_BUILD_DIR}/${FRAMEWORKS_FOLDER_PATH}/OHHTTPStubs.framework",
				"${TARGET_BUILD_DIR}/${FRAMEWORKS_FOLDER_PATH}/Quick.framework",
			);
			runOnlyForDeploymentPostprocessing = 0;
			shellPath = /bin/sh;
			shellScript = "\"${SRCROOT}/Pods/Target Support Files/Pods-ShoppingAppTests/Pods-ShoppingAppTests-frameworks.sh\"\n";
			showEnvVarsInLog = 0;
		};
		A8BCA2739F27708995CE52E1 /* [CP] Embed Pods Frameworks */ = {
			isa = PBXShellScriptBuildPhase;
			buildActionMask = 2147483647;
			files = (
			);
			inputPaths = (
				"${SRCROOT}/Pods/Target Support Files/Pods-ShoppingApp/Pods-ShoppingApp-frameworks.sh",
				"${BUILT_PRODUCTS_DIR}/Kingfisher/Kingfisher.framework",
				"${BUILT_PRODUCTS_DIR}/RxCocoa/RxCocoa.framework",
				"${BUILT_PRODUCTS_DIR}/RxSwift/RxSwift.framework",
				"${BUILT_PRODUCTS_DIR}/SwiftyJSON/SwiftyJSON.framework",
			);
			name = "[CP] Embed Pods Frameworks";
			outputPaths = (
				"${TARGET_BUILD_DIR}/${FRAMEWORKS_FOLDER_PATH}/Kingfisher.framework",
				"${TARGET_BUILD_DIR}/${FRAMEWORKS_FOLDER_PATH}/RxCocoa.framework",
				"${TARGET_BUILD_DIR}/${FRAMEWORKS_FOLDER_PATH}/RxSwift.framework",
				"${TARGET_BUILD_DIR}/${FRAMEWORKS_FOLDER_PATH}/SwiftyJSON.framework",
			);
			runOnlyForDeploymentPostprocessing = 0;
			shellPath = /bin/sh;
			shellScript = "\"${SRCROOT}/Pods/Target Support Files/Pods-ShoppingApp/Pods-ShoppingApp-frameworks.sh\"\n";
			showEnvVarsInLog = 0;
		};
		B6E0567320D2F60E00613D05 /* SwiftLint */ = {
			isa = PBXShellScriptBuildPhase;
			buildActionMask = 2147483647;
			files = (
			);
			inputPaths = (
			);
			name = SwiftLint;
			outputPaths = (
			);
			runOnlyForDeploymentPostprocessing = 0;
			shellPath = /bin/sh;
			shellScript = "\"${PODS_ROOT}/SwiftLint/swiftlint\" --config \"$SRCROOT/.swiftlint.yml\"\necho \"swift lint run\"";
		};
		F200DC2FA17ED622B63AAC57 /* [CP] Check Pods Manifest.lock */ = {
			isa = PBXShellScriptBuildPhase;
			buildActionMask = 2147483647;
			files = (
			);
			inputPaths = (
				"${PODS_PODFILE_DIR_PATH}/Podfile.lock",
				"${PODS_ROOT}/Manifest.lock",
			);
			name = "[CP] Check Pods Manifest.lock";
			outputPaths = (
				"$(DERIVED_FILE_DIR)/Pods-ShoppingAppTests-checkManifestLockResult.txt",
			);
			runOnlyForDeploymentPostprocessing = 0;
			shellPath = /bin/sh;
			shellScript = "diff \"${PODS_PODFILE_DIR_PATH}/Podfile.lock\" \"${PODS_ROOT}/Manifest.lock\" > /dev/null\nif [ $? != 0 ] ; then\n    # print error to STDERR\n    echo \"error: The sandbox is not in sync with the Podfile.lock. Run 'pod install' or update your CocoaPods installation.\" >&2\n    exit 1\nfi\n# This output is used by Xcode 'outputs' to avoid re-running this script phase.\necho \"SUCCESS\" > \"${SCRIPT_OUTPUT_FILE_0}\"\n";
			showEnvVarsInLog = 0;
		};
/* End PBXShellScriptBuildPhase section */

/* Begin PBXSourcesBuildPhase section */
		B6CC05FA20D2F06800254F87 /* Sources */ = {
			isa = PBXSourcesBuildPhase;
			buildActionMask = 2147483647;
			files = (
				B6085A8D20D3189F00BABA4F /* StringUtil.swift in Sources */,
				B6085ADD20D539CE00BABA4F /* Service.swift in Sources */,
				B6085B0720D557CC00BABA4F /* ShoppingApp.swift in Sources */,
				B6085B3B20D66E4600BABA4F /* ProductDetailViewModel.swift in Sources */,
				B6085B4E20D680CB00BABA4F /* ProductDetailRequest.swift in Sources */,
				B6085ABA20D4FD8C00BABA4F /* ProductsRequest.swift in Sources */,
				B6085B0920D558DF00BABA4F /* RouterCreatable.swift in Sources */,
				B6085A8620D315D900BABA4F /* PriceResource.swift in Sources */,
				B6085B2420D5930D00BABA4F /* ProductCellRepresentable.swift in Sources */,
				B6085AE220D53A2D00BABA4F /* UtilityCreatable.swift in Sources */,
				B6085B2E20D5993F00BABA4F /* CollectionViewItem.swift in Sources */,
				B6085AAD20D4EECF00BABA4F /* HttpSchemeBuilder.swift in Sources */,
				B6085B0F20D55A1600BABA4F /* ProductsRouter.swift in Sources */,
				B6085AD820D5395000BABA4F /* HttpClient.swift in Sources */,
				B6CC060420D2F06800254F87 /* ProductsViewController.swift in Sources */,
				B6085B3620D656B900BABA4F /* Color.swift in Sources */,
				B6CC060220D2F06800254F87 /* AppDelegate.swift in Sources */,
				B6085B2B20D5988200BABA4F /* CollectionViewDataSource.swift in Sources */,
				B6085B1320D55A9B00BABA4F /* ViewControllerCreatable.swift in Sources */,
				B6085AA720D470D000BABA4F /* ProductMediaResource.swift in Sources */,
				B6085B2F20D5993F00BABA4F /* CollectionViewCell.swift in Sources */,
				B6085AE020D539F300BABA4F /* ApiClient.swift in Sources */,
				B6085AC220D5014200BABA4F /* HttpMethod.swift in Sources */,
				B6085AF720D5461100BABA4F /* ProductsViewModel.swift in Sources */,
				B6E0568020D2FB9B00613D05 /* ProductResource.swift in Sources */,
				B6085AE820D53AB900BABA4F /* ProductService.swift in Sources */,
				B6085A7320D2FD5800BABA4F /* ProductsResource.swift in Sources */,
				B6085A9B20D454E500BABA4F /* ProductAdditionalServicesResource.swift in Sources */,
				B6085AF420D541D100BABA4F /* ComponentCreator.swift in Sources */,
				B6085ADE20D539CE00BABA4F /* ServiceCreatable.swift in Sources */,
				B6085AE420D53A3D00BABA4F /* RemoteCreatable.swift in Sources */,
				B6085A9120D44C8000BABA4F /* ProductDetailsResource.swift in Sources */,
				B6085AD020D5171D00BABA4F /* ApiError.swift in Sources */,
				B6085B1520D55ABA00BABA4F /* ModelableViewController.swift in Sources */,
				B6085B0020D549C400BABA4F /* ViewModel.swift in Sources */,
				B6085B0D20D5594900BABA4F /* ShoppingAppRouter.swift in Sources */,
				B6085AE620D53A5D00BABA4F /* ProductRemote.swift in Sources */,
				B6085B5020D681D800BABA4F /* ClassError.swift in Sources */,
				B6085AA520D4663400BABA4F /* ProductFeatureResource.swift in Sources */,
				B6085B4320D66EBF00BABA4F /* ProductDetailViewController.swift in Sources */,
				B6085AD520D518CC00BABA4F /* HttpStatusCode.swift in Sources */,
				B6085B3220D5AAFE00BABA4F /* UICollectionView+Extension.swift in Sources */,
				B6085AC420D5055100BABA4F /* ApiRequestError.swift in Sources */,
				B6085ABF20D4FFD200BABA4F /* ApiRequest.swift in Sources */,
				B6085B4120D66EA200BABA4F /* ProductDetailRouter.swift in Sources */,
				B6085ACC20D5116100BABA4F /* ApiResponse.swift in Sources */,
				B6085ACA20D510D400BABA4F /* HttpResponse.swift in Sources */,
				B6085A7020D2FC6900BABA4F /* Resource.swift in Sources */,
				B6085B1A20D5650300BABA4F /* ProductCell.swift in Sources */,
				B6085B1120D55A8F00BABA4F /* Navigation.swift in Sources */,
				B6085ADA20D539BC00BABA4F /* ComponentCreatable.swift in Sources */,
			);
			runOnlyForDeploymentPostprocessing = 0;
		};
		B6CC060E20D2F06900254F87 /* Sources */ = {
			isa = PBXSourcesBuildPhase;
			buildActionMask = 2147483647;
			files = (
				B6085AEB20D53C4300BABA4F /* ProductsHttpMocker.swift in Sources */,
				B6085AFC20D5482400BABA4F /* MockComponentCreator.swift in Sources */,
				B6085B1D20D58C3000BABA4F /* ProductCellTests.swift in Sources */,
				B6085A9D20D4551000BABA4F /* ProductAdditionalServicesResourceTests.swift in Sources */,
				B6085AFE20D5486600BABA4F /* MockProductService.swift in Sources */,
				B6085AA920D4718100BABA4F /* ProductMediaMother.swift in Sources */,
				B6085A8420D30BFE00BABA4F /* ProductResourceTests.swift in Sources */,
				B6085B0320D54AB200BABA4F /* RxCollector.swift in Sources */,
				B6085A8820D3183400BABA4F /* PriceResourceTests.swift in Sources */,
				B6E0567E20D2FAA300613D05 /* ProductsResourceTests.swift in Sources */,
				B6085ACE20D512B100BABA4F /* HttpResponseMother.swift in Sources */,
				B6085A8A20D3184200BABA4F /* PriceMother.swift in Sources */,
				B6085B4720D6740C00BABA4F /* MockProductDetailRouter.swift in Sources */,
				B6085A7F20D305FC00BABA4F /* ProductMother.swift in Sources */,
				B6085AF220D5408400BABA4F /* ProductServiceTests.swift in Sources */,
				B6085AC620D5064800BABA4F /* MockProductsRequest.swift in Sources */,
				B6085A8F20D448BD00BABA4F /* ProductDetailsResourceTests.swift in Sources */,
				B6085A9520D44E8800BABA4F /* ProductDetailsMother.swift in Sources */,
				B6085AD320D5185300BABA4F /* ApiResponseTests.swift in Sources */,
				B6085AC820D50B1200BABA4F /* ApiRequestTests.swift in Sources */,
				B6085B1820D562D300BABA4F /* ShoppingAppRouterTests.swift in Sources */,
				B6085B1F20D58D3C00BABA4F /* NibCreator.swift in Sources */,
				B6085AA120D4646B00BABA4F /* ProductFeatureMother.swift in Sources */,
				B6085B3920D6609400BABA4F /* ProductsViewControllerTests.swift in Sources */,
				B6085AFA20D5470B00BABA4F /* ProductsViewModelTests.swift in Sources */,
				B6085A7920D300E900BABA4F /* FileHelper.swift in Sources */,
				B6085AB720D4F86100BABA4F /* StringUtilSpec.swift in Sources */,
				B6085AB120D4F4AB00BABA4F /* MockHttpSchemeBuilder.swift in Sources */,
				B6085B2820D597FB00BABA4F /* CollectionViewDataSourceTests.swift in Sources */,
				B6085ABD20D4FDAA00BABA4F /* ProductsRequestTests.swift in Sources */,
				B6085A9F20D4560C00BABA4F /* ProductAdditionalServicesMother.swift in Sources */,
				B6085AB420D4F54A00BABA4F /* HttpSchemeProtocolSpec.swift in Sources */,
				B6085AA320D465C000BABA4F /* ProductFeatureResource.swift in Sources */,
				B6085AAB20D4ECEE00BABA4F /* ProductMediaResourceTests.swift in Sources */,
				B6085B4B20D6809600BABA4F /* ProductDetailRequest.swift in Sources */,
				B6085AED20D53E8300BABA4F /* Constants.swift in Sources */,
			);
			runOnlyForDeploymentPostprocessing = 0;
		};
/* End PBXSourcesBuildPhase section */

/* Begin PBXTargetDependency section */
		B6CC061420D2F06900254F87 /* PBXTargetDependency */ = {
			isa = PBXTargetDependency;
			target = B6CC05FD20D2F06800254F87 /* ShoppingApp */;
			targetProxy = B6CC061320D2F06900254F87 /* PBXContainerItemProxy */;
		};
/* End PBXTargetDependency section */

/* Begin PBXVariantGroup section */
		B6CC060520D2F06800254F87 /* ProductsViewController.storyboard */ = {
			isa = PBXVariantGroup;
			children = (
				B6CC060620D2F06800254F87 /* Base */,
			);
			name = ProductsViewController.storyboard;
			sourceTree = "<group>";
		};
		B6CC060A20D2F06800254F87 /* LaunchScreen.storyboard */ = {
			isa = PBXVariantGroup;
			children = (
				B6CC060B20D2F06800254F87 /* Base */,
			);
			name = LaunchScreen.storyboard;
			sourceTree = "<group>";
		};
/* End PBXVariantGroup section */

/* Begin XCBuildConfiguration section */
		B6CC061920D2F06900254F87 /* Debug */ = {
			isa = XCBuildConfiguration;
			buildSettings = {
				ALWAYS_SEARCH_USER_PATHS = NO;
				CLANG_ANALYZER_NONNULL = YES;
				CLANG_ANALYZER_NUMBER_OBJECT_CONVERSION = YES_AGGRESSIVE;
				CLANG_CXX_LANGUAGE_STANDARD = "gnu++14";
				CLANG_CXX_LIBRARY = "libc++";
				CLANG_ENABLE_MODULES = YES;
				CLANG_ENABLE_OBJC_ARC = YES;
				CLANG_ENABLE_OBJC_WEAK = YES;
				CLANG_WARN_BLOCK_CAPTURE_AUTORELEASING = YES;
				CLANG_WARN_BOOL_CONVERSION = YES;
				CLANG_WARN_COMMA = YES;
				CLANG_WARN_CONSTANT_CONVERSION = YES;
				CLANG_WARN_DEPRECATED_OBJC_IMPLEMENTATIONS = YES;
				CLANG_WARN_DIRECT_OBJC_ISA_USAGE = YES_ERROR;
				CLANG_WARN_DOCUMENTATION_COMMENTS = YES;
				CLANG_WARN_EMPTY_BODY = YES;
				CLANG_WARN_ENUM_CONVERSION = YES;
				CLANG_WARN_INFINITE_RECURSION = YES;
				CLANG_WARN_INT_CONVERSION = YES;
				CLANG_WARN_NON_LITERAL_NULL_CONVERSION = YES;
				CLANG_WARN_OBJC_IMPLICIT_RETAIN_SELF = YES;
				CLANG_WARN_OBJC_LITERAL_CONVERSION = YES;
				CLANG_WARN_OBJC_ROOT_CLASS = YES_ERROR;
				CLANG_WARN_RANGE_LOOP_ANALYSIS = YES;
				CLANG_WARN_STRICT_PROTOTYPES = YES;
				CLANG_WARN_SUSPICIOUS_MOVE = YES;
				CLANG_WARN_UNGUARDED_AVAILABILITY = YES_AGGRESSIVE;
				CLANG_WARN_UNREACHABLE_CODE = YES;
				CLANG_WARN__DUPLICATE_METHOD_MATCH = YES;
				CODE_SIGN_IDENTITY = "iPhone Developer";
				COPY_PHASE_STRIP = NO;
				DEBUG_INFORMATION_FORMAT = dwarf;
				ENABLE_STRICT_OBJC_MSGSEND = YES;
				ENABLE_TESTABILITY = YES;
				GCC_C_LANGUAGE_STANDARD = gnu11;
				GCC_DYNAMIC_NO_PIC = NO;
				GCC_NO_COMMON_BLOCKS = YES;
				GCC_OPTIMIZATION_LEVEL = 0;
				GCC_PREPROCESSOR_DEFINITIONS = (
					"DEBUG=1",
					"$(inherited)",
				);
				GCC_WARN_64_TO_32_BIT_CONVERSION = YES;
				GCC_WARN_ABOUT_RETURN_TYPE = YES_ERROR;
				GCC_WARN_UNDECLARED_SELECTOR = YES;
				GCC_WARN_UNINITIALIZED_AUTOS = YES_AGGRESSIVE;
				GCC_WARN_UNUSED_FUNCTION = YES;
				GCC_WARN_UNUSED_VARIABLE = YES;
				IPHONEOS_DEPLOYMENT_TARGET = 10.0;
				MTL_ENABLE_DEBUG_INFO = YES;
				ONLY_ACTIVE_ARCH = YES;
				SDKROOT = iphoneos;
				SWIFT_ACTIVE_COMPILATION_CONDITIONS = DEBUG;
				SWIFT_OPTIMIZATION_LEVEL = "-Onone";
			};
			name = Debug;
		};
		B6CC061A20D2F06900254F87 /* Release */ = {
			isa = XCBuildConfiguration;
			buildSettings = {
				ALWAYS_SEARCH_USER_PATHS = NO;
				CLANG_ANALYZER_NONNULL = YES;
				CLANG_ANALYZER_NUMBER_OBJECT_CONVERSION = YES_AGGRESSIVE;
				CLANG_CXX_LANGUAGE_STANDARD = "gnu++14";
				CLANG_CXX_LIBRARY = "libc++";
				CLANG_ENABLE_MODULES = YES;
				CLANG_ENABLE_OBJC_ARC = YES;
				CLANG_ENABLE_OBJC_WEAK = YES;
				CLANG_WARN_BLOCK_CAPTURE_AUTORELEASING = YES;
				CLANG_WARN_BOOL_CONVERSION = YES;
				CLANG_WARN_COMMA = YES;
				CLANG_WARN_CONSTANT_CONVERSION = YES;
				CLANG_WARN_DEPRECATED_OBJC_IMPLEMENTATIONS = YES;
				CLANG_WARN_DIRECT_OBJC_ISA_USAGE = YES_ERROR;
				CLANG_WARN_DOCUMENTATION_COMMENTS = YES;
				CLANG_WARN_EMPTY_BODY = YES;
				CLANG_WARN_ENUM_CONVERSION = YES;
				CLANG_WARN_INFINITE_RECURSION = YES;
				CLANG_WARN_INT_CONVERSION = YES;
				CLANG_WARN_NON_LITERAL_NULL_CONVERSION = YES;
				CLANG_WARN_OBJC_IMPLICIT_RETAIN_SELF = YES;
				CLANG_WARN_OBJC_LITERAL_CONVERSION = YES;
				CLANG_WARN_OBJC_ROOT_CLASS = YES_ERROR;
				CLANG_WARN_RANGE_LOOP_ANALYSIS = YES;
				CLANG_WARN_STRICT_PROTOTYPES = YES;
				CLANG_WARN_SUSPICIOUS_MOVE = YES;
				CLANG_WARN_UNGUARDED_AVAILABILITY = YES_AGGRESSIVE;
				CLANG_WARN_UNREACHABLE_CODE = YES;
				CLANG_WARN__DUPLICATE_METHOD_MATCH = YES;
				CODE_SIGN_IDENTITY = "iPhone Developer";
				COPY_PHASE_STRIP = NO;
				DEBUG_INFORMATION_FORMAT = "dwarf-with-dsym";
				ENABLE_NS_ASSERTIONS = NO;
				ENABLE_STRICT_OBJC_MSGSEND = YES;
				GCC_C_LANGUAGE_STANDARD = gnu11;
				GCC_NO_COMMON_BLOCKS = YES;
				GCC_WARN_64_TO_32_BIT_CONVERSION = YES;
				GCC_WARN_ABOUT_RETURN_TYPE = YES_ERROR;
				GCC_WARN_UNDECLARED_SELECTOR = YES;
				GCC_WARN_UNINITIALIZED_AUTOS = YES_AGGRESSIVE;
				GCC_WARN_UNUSED_FUNCTION = YES;
				GCC_WARN_UNUSED_VARIABLE = YES;
				IPHONEOS_DEPLOYMENT_TARGET = 10.0;
				MTL_ENABLE_DEBUG_INFO = NO;
				SDKROOT = iphoneos;
				SWIFT_COMPILATION_MODE = wholemodule;
				SWIFT_OPTIMIZATION_LEVEL = "-O";
				VALIDATE_PRODUCT = YES;
			};
			name = Release;
		};
		B6CC061C20D2F06900254F87 /* Debug */ = {
			isa = XCBuildConfiguration;
			baseConfigurationReference = ACAC005CD8A35CFC89082434 /* Pods-ShoppingApp.debug.xcconfig */;
			buildSettings = {
				ALWAYS_EMBED_SWIFT_STANDARD_LIBRARIES = "$(inherited)";
				ASSETCATALOG_COMPILER_APPICON_NAME = AppIcon;
				CODE_SIGN_STYLE = Automatic;
				DEVELOPMENT_TEAM = BDD95TS3QC;
				INFOPLIST_FILE = "$(SRCROOT)/ShoppingApp/SupportFiles/Info.plist";
				IPHONEOS_DEPLOYMENT_TARGET = 10.0;
				LD_RUNPATH_SEARCH_PATHS = (
					"$(inherited)",
					"@executable_path/Frameworks",
				);
				PRODUCT_BUNDLE_IDENTIFIER = com.johnlewis.ios.ShoppingApp;
				PRODUCT_NAME = "$(TARGET_NAME)";
				SWIFT_VERSION = 4.0;
				TARGETED_DEVICE_FAMILY = 2;
			};
			name = Debug;
		};
		B6CC061D20D2F06900254F87 /* Release */ = {
			isa = XCBuildConfiguration;
			baseConfigurationReference = F6D5B5538B8D0B438A79C87B /* Pods-ShoppingApp.release.xcconfig */;
			buildSettings = {
				ALWAYS_EMBED_SWIFT_STANDARD_LIBRARIES = "$(inherited)";
				ASSETCATALOG_COMPILER_APPICON_NAME = AppIcon;
				CODE_SIGN_STYLE = Automatic;
				DEVELOPMENT_TEAM = BDD95TS3QC;
				INFOPLIST_FILE = "$(SRCROOT)/ShoppingApp/SupportFiles/Info.plist";
				IPHONEOS_DEPLOYMENT_TARGET = 10.0;
				LD_RUNPATH_SEARCH_PATHS = (
					"$(inherited)",
					"@executable_path/Frameworks",
				);
				PRODUCT_BUNDLE_IDENTIFIER = com.johnlewis.ios.ShoppingApp;
				PRODUCT_NAME = "$(TARGET_NAME)";
				SWIFT_VERSION = 4.0;
				TARGETED_DEVICE_FAMILY = 2;
			};
			name = Release;
		};
		B6CC061F20D2F06900254F87 /* Debug */ = {
			isa = XCBuildConfiguration;
			baseConfigurationReference = 491D1EA9638153A5867F5063 /* Pods-ShoppingAppTests.debug.xcconfig */;
			buildSettings = {
				ALWAYS_EMBED_SWIFT_STANDARD_LIBRARIES = "$(inherited)";
				BUNDLE_LOADER = "$(TEST_HOST)";
				CODE_SIGN_STYLE = Automatic;
				DEVELOPMENT_TEAM = BDD95TS3QC;
				INFOPLIST_FILE = ShoppingAppTests/Info.plist;
				LD_RUNPATH_SEARCH_PATHS = (
					"$(inherited)",
					"@executable_path/Frameworks",
					"@loader_path/Frameworks",
				);
				PRODUCT_BUNDLE_IDENTIFIER = com.johnlewis.ios.ShoppingAppTests;
				PRODUCT_NAME = "$(TARGET_NAME)";
				SWIFT_VERSION = 4.0;
				TARGETED_DEVICE_FAMILY = "1,2";
				TEST_HOST = "$(BUILT_PRODUCTS_DIR)/ShoppingApp.app/ShoppingApp";
			};
			name = Debug;
		};
		B6CC062020D2F06900254F87 /* Release */ = {
			isa = XCBuildConfiguration;
			baseConfigurationReference = D47DD8838205C848EBD57D0C /* Pods-ShoppingAppTests.release.xcconfig */;
			buildSettings = {
				ALWAYS_EMBED_SWIFT_STANDARD_LIBRARIES = "$(inherited)";
				BUNDLE_LOADER = "$(TEST_HOST)";
				CODE_SIGN_STYLE = Automatic;
				DEVELOPMENT_TEAM = BDD95TS3QC;
				INFOPLIST_FILE = ShoppingAppTests/Info.plist;
				LD_RUNPATH_SEARCH_PATHS = (
					"$(inherited)",
					"@executable_path/Frameworks",
					"@loader_path/Frameworks",
				);
				PRODUCT_BUNDLE_IDENTIFIER = com.johnlewis.ios.ShoppingAppTests;
				PRODUCT_NAME = "$(TARGET_NAME)";
				SWIFT_VERSION = 4.0;
				TARGETED_DEVICE_FAMILY = "1,2";
				TEST_HOST = "$(BUILT_PRODUCTS_DIR)/ShoppingApp.app/ShoppingApp";
			};
			name = Release;
		};
/* End XCBuildConfiguration section */

/* Begin XCConfigurationList section */
		B6CC05F920D2F06800254F87 /* Build configuration list for PBXProject "ShoppingApp" */ = {
			isa = XCConfigurationList;
			buildConfigurations = (
				B6CC061920D2F06900254F87 /* Debug */,
				B6CC061A20D2F06900254F87 /* Release */,
			);
			defaultConfigurationIsVisible = 0;
			defaultConfigurationName = Release;
		};
		B6CC061B20D2F06900254F87 /* Build configuration list for PBXNativeTarget "ShoppingApp" */ = {
			isa = XCConfigurationList;
			buildConfigurations = (
				B6CC061C20D2F06900254F87 /* Debug */,
				B6CC061D20D2F06900254F87 /* Release */,
			);
			defaultConfigurationIsVisible = 0;
			defaultConfigurationName = Release;
		};
		B6CC061E20D2F06900254F87 /* Build configuration list for PBXNativeTarget "ShoppingAppTests" */ = {
			isa = XCConfigurationList;
			buildConfigurations = (
				B6CC061F20D2F06900254F87 /* Debug */,
				B6CC062020D2F06900254F87 /* Release */,
			);
			defaultConfigurationIsVisible = 0;
			defaultConfigurationName = Release;
		};
/* End XCConfigurationList section */
	};
	rootObject = B6CC05F620D2F06800254F87 /* Project object */;
}
